
Microsoft Visual Studio Solution File, Format Version 12.00
# Visual Studio 15
VisualStudioVersion = 15.0.27130.2010
MinimumVisualStudioVersion = 10.0.40219.1
Project("{FAE04EC0-301F-11D3-BF4B-00C04F79EFBC}") = "LeagueOfStats.CmdGen", "LeagueOfStats.CmdGen\LeagueOfStats.CmdGen.csproj", "{18CDD37E-5EA3-4178-8B41-C02474B6BBA8}"
EndProject
Project("{FAE04EC0-301F-11D3-BF4B-00C04F79EFBC}") = "LeagueOfStats.PersonalData", "LeagueOfStats.PersonalData\LeagueOfStats.PersonalData.csproj", "{F295EDDD-AE28-49D5-A6B1-B64F6CB27C6D}"
EndProject
Project("{FAE04EC0-301F-11D3-BF4B-00C04F79EFBC}") = "LeagueOfStats.StaticData", "LeagueOfStats.StaticData\LeagueOfStats.StaticData.csproj", "{6D5EE88C-1926-477D-ABE6-388171796B3F}"
EndProject
Project("{FAE04EC0-301F-11D3-BF4B-00C04F79EFBC}") = "LeagueOfStats.GlobalData", "LeagueOfStats.GlobalData\LeagueOfStats.GlobalData.csproj", "{CEAC08C0-27D7-4D48-BD18-E4648EE12264}"
EndProject
Project("{FAE04EC0-301F-11D3-BF4B-00C04F79EFBC}") = "LeagueOfStats.OneForAllStats", "LeagueOfStats.OneForAllStats\LeagueOfStats.OneForAllStats.csproj", "{05DBBACA-04A2-4CB8-AA98-1BC3BDF4421A}"
EndProject
Global
	GlobalSection(SolutionConfigurationPlatforms) = preSolution
		Debug|Any CPU = Debug|Any CPU
		Release|Any CPU = Release|Any CPU
	EndGlobalSection
	GlobalSection(ProjectConfigurationPlatforms) = postSolution
		{18CDD37E-5EA3-4178-8B41-C02474B6BBA8}.Debug|Any CPU.ActiveCfg = Debug|Any CPU
		{18CDD37E-5EA3-4178-8B41-C02474B6BBA8}.Debug|Any CPU.Build.0 = Debug|Any CPU
		{18CDD37E-5EA3-4178-8B41-C02474B6BBA8}.Release|Any CPU.ActiveCfg = Release|Any CPU
		{18CDD37E-5EA3-4178-8B41-C02474B6BBA8}.Release|Any CPU.Build.0 = Release|Any CPU
		{F295EDDD-AE28-49D5-A6B1-B64F6CB27C6D}.Debug|Any CPU.ActiveCfg = Debug|Any CPU
		{F295EDDD-AE28-49D5-A6B1-B64F6CB27C6D}.Debug|Any CPU.Build.0 = Debug|Any CPU
		{F295EDDD-AE28-49D5-A6B1-B64F6CB27C6D}.Release|Any CPU.ActiveCfg = Release|Any CPU
		{F295EDDD-AE28-49D5-A6B1-B64F6CB27C6D}.Release|Any CPU.Build.0 = Release|Any CPU
		{6D5EE88C-1926-477D-ABE6-388171796B3F}.Debug|Any CPU.ActiveCfg = Debug|Any CPU
		{6D5EE88C-1926-477D-ABE6-388171796B3F}.Debug|Any CPU.Build.0 = Debug|Any CPU
		{6D5EE88C-1926-477D-ABE6-388171796B3F}.Release|Any CPU.ActiveCfg = Release|Any CPU
		{6D5EE88C-1926-477D-ABE6-388171796B3F}.Release|Any CPU.Build.0 = Release|Any CPU
		{CEAC08C0-27D7-4D48-BD18-E4648EE12264}.Debug|Any CPU.ActiveCfg = Debug|Any CPU
		{CEAC08C0-27D7-4D48-BD18-E4648EE12264}.Debug|Any CPU.Build.0 = Debug|Any CPU
		{CEAC08C0-27D7-4D48-BD18-E4648EE12264}.Release|Any CPU.ActiveCfg = Release|Any CPU
		{CEAC08C0-27D7-4D48-BD18-E4648EE12264}.Release|Any CPU.Build.0 = Release|Any CPU
		{05DBBACA-04A2-4CB8-AA98-1BC3BDF4421A}.Debug|Any CPU.ActiveCfg = Debug|Any CPU
		{05DBBACA-04A2-4CB8-AA98-1BC3BDF4421A}.Debug|Any CPU.Build.0 = Debug|Any CPU
		{05DBBACA-04A2-4CB8-AA98-1BC3BDF4421A}.Release|Any CPU.ActiveCfg = Release|Any CPU
		{05DBBACA-04A2-4CB8-AA98-1BC3BDF4421A}.Release|Any CPU.Build.0 = Release|Any CPU
	EndGlobalSection
	GlobalSection(SolutionProperties) = preSolution
		HideSolutionNode = FALSE
	EndGlobalSection
	GlobalSection(ExtensibilityGlobals) = postSolution
		SolutionGuid = {BF9AA1FE-296E-4B10-ACB7-8F17B36C7234}
	EndGlobalSection
EndGlobal
